---
lockfileVersion: 1
lockfileVendor: redhat
arches:
- arch: aarch64
  packages:
  - url: https://cdn.redhat.com/content/dist/rhel9/9/aarch64/baseos/os/Packages/x/xz-5.2.5-8.el9_0.aarch64.rpm
    repoid: rhel-9-for-aarch64-baseos-rpms
    size: 235798
    checksum: sha256:26ac21be6c1e396c7bcbaa9d4786e3275e996d9d78c01f75bbbc6962e6c9bef7
    name: xz
    evr: 5.2.5-8.el9_0
    sourcerpm: xz-5.2.5-8.el9_0.src.rpm
  source:
  - url: https://cdn.redhat.com/content/dist/rhel9/9/aarch64/baseos/source/SRPMS/Packages/x/xz-5.2.5-8.el9_0.src.rpm
    repoid: rhel-9-for-aarch64-baseos-source-rpms
    size: 1168293
    checksum: sha256:bce98f3a307e75a8ac28f909e29b41d64b15461fa9ddf0bf4ef3c2f6de946b46
    name: xz
    evr: 5.2.5-8.el9_0
  module_metadata: []
- arch: ppc64le
  packages:
  - url: https://cdn.redhat.com/content/dist/rhel9/9/ppc64le/baseos/os/Packages/x/xz-5.2.5-8.el9_0.ppc64le.rpm
    repoid: rhel-9-for-ppc64le-baseos-rpms
    size: 243215
    checksum: sha256:44cd014634f8a5cb83aff336500b0f2e3bec156a34e7da09e0ae6ef4b5e26467
    name: xz
    evr: 5.2.5-8.el9_0
    sourcerpm: xz-5.2.5-8.el9_0.src.rpm
  source:
  - url: https://cdn.redhat.com/content/dist/rhel9/9/ppc64le/baseos/source/SRPMS/Packages/x/xz-5.2.5-8.el9_0.src.rpm
    repoid: rhel-9-for-ppc64le-baseos-source-rpms
    size: 1168293
    checksum: sha256:bce98f3a307e75a8ac28f909e29b41d64b15461fa9ddf0bf4ef3c2f6de946b46
    name: xz
    evr: 5.2.5-8.el9_0
  module_metadata: []
- arch: s390x
  packages:
  - url: https://cdn.redhat.com/content/dist/rhel9/9/s390x/baseos/os/Packages/x/xz-5.2.5-8.el9_0.s390x.rpm
    repoid: rhel-9-for-s390x-baseos-rpms
    size: 234632
    checksum: sha256:c06f44e6fb5a0a1fbf3c052d065b6336c3d17cedbc796260cf0c097b98326906
    name: xz
    evr: 5.2.5-8.el9_0
    sourcerpm: xz-5.2.5-8.el9_0.src.rpm
  source:
  - url: https://cdn.redhat.com/content/dist/rhel9/9/s390x/baseos/source/SRPMS/Packages/x/xz-5.2.5-8.el9_0.src.rpm
    repoid: rhel-9-for-s390x-baseos-source-rpms
    size: 1168293
    checksum: sha256:bce98f3a307e75a8ac28f909e29b41d64b15461fa9ddf0bf4ef3c2f6de946b46
    name: xz
    evr: 5.2.5-8.el9_0
  module_metadata: []
- arch: x86_64
  packages:
  - url: https://cdn.redhat.com/content/dist/rhel9/9/x86_64/baseos/os/Packages/x/xz-5.2.5-8.el9_0.x86_64.rpm
    repoid: rhel-9-for-x86_64-baseos-rpms
    size: 235693
    checksum: sha256:f16d17c26a241400586ddc3d734ce863e3f19d433881ec640a47bedf0dafd07b
    name: xz
    evr: 5.2.5-8.el9_0
    sourcerpm: xz-5.2.5-8.el9_0.src.rpm
  source:
  - url: https://cdn.redhat.com/content/dist/rhel9/9/x86_64/baseos/source/SRPMS/Packages/x/xz-5.2.5-8.el9_0.src.rpm
    repoid: rhel-9-for-x86_64-baseos-source-rpms
    size: 1168293
    checksum: sha256:bce98f3a307e75a8ac28f909e29b41d64b15461fa9ddf0bf4ef3c2f6de946b46
    name: xz
    evr: 5.2.5-8.el9_0
  module_metadata: []
