---
lockfileVersion: 1
lockfileVendor: redhat
arches:
- arch: aarch64
  packages:
  - url: https://cdn.redhat.com/content/dist/rhel8/8/aarch64/baseos/os/Packages/x/xz-5.2.4-3.el8.aarch64.rpm
    repoid: rhel-8-for-aarch64-baseos-rpms
    size: 156236
    checksum: sha256:e426534c59b3a35068877d324dd34d643ad7c84d2c406b2e6502ac6c2a367d39
    name: xz
    evr: 5.2.4-3.el8
    sourcerpm: xz-5.2.4-3.el8.src.rpm
  - url: https://cdn.redhat.com/content/dist/rhel8/8/aarch64/baseos/os/Packages/x/xz-libs-5.2.4-3.el8.aarch64.rpm
    repoid: rhel-8-for-aarch64-baseos-rpms
    size: 92784
    checksum: sha256:094eff70081085f87a7ac0dedafa851ad8ac8e03f9f328636df4a0f8301d0e87
    name: xz-libs
    evr: 5.2.4-3.el8
    sourcerpm: xz-5.2.4-3.el8.src.rpm
  source:
  - url: https://cdn.redhat.com/content/dist/rhel8/8/aarch64/baseos/source/SRPMS/Packages/x/xz-5.2.4-3.el8.src.rpm
    repoid: rhel-8-for-aarch64-baseos-source-rpms
    size: 1074430
    checksum: sha256:223e5a8b539f68bb02e37354a7f60c41c6598119bfd727973c780479d6099fa8
    name: xz
    evr: 5.2.4-3.el8
  module_metadata: []
- arch: ppc64le
  packages:
  - url: https://cdn.redhat.com/content/dist/rhel8/8/ppc64le/baseos/os/Packages/x/xz-5.2.4-3.el8.ppc64le.rpm
    repoid: rhel-8-for-ppc64le-baseos-rpms
    size: 162976
    checksum: sha256:2b2e0d9a397d27c7076f05ab309c71ebffdf2c33df95de51c700af181899c87e
    name: xz
    evr: 5.2.4-3.el8
    sourcerpm: xz-5.2.4-3.el8.src.rpm
  - url: https://cdn.redhat.com/content/dist/rhel8/8/ppc64le/baseos/os/Packages/x/xz-libs-5.2.4-3.el8.ppc64le.rpm
    repoid: rhel-8-for-ppc64le-baseos-rpms
    size: 114780
    checksum: sha256:37e4f7e854765b98e8dd10986b758631c7ca00942bc53efb4003ee326e1cc834
    name: xz-libs
    evr: 5.2.4-3.el8
    sourcerpm: xz-5.2.4-3.el8.src.rpm
  source:
  - url: https://cdn.redhat.com/content/dist/rhel8/8/ppc64le/baseos/source/SRPMS/Packages/x/xz-5.2.4-3.el8.src.rpm
    repoid: rhel-8-for-ppc64le-baseos-source-rpms
    size: 1074430
    checksum: sha256:223e5a8b539f68bb02e37354a7f60c41c6598119bfd727973c780479d6099fa8
    name: xz
    evr: 5.2.4-3.el8
  module_metadata: []
- arch: s390x
  packages:
  - url: https://cdn.redhat.com/content/dist/rhel8/8/s390x/baseos/os/Packages/x/xz-5.2.4-3.el8.s390x.rpm
    repoid: rhel-8-for-s390x-baseos-rpms
    size: 154952
    checksum: sha256:d05b84d3b2126b91834bd388af680b10a73595363d138cd05920eb4ca8c0f03e
    name: xz
    evr: 5.2.4-3.el8
    sourcerpm: xz-5.2.4-3.el8.src.rpm
  - url: https://cdn.redhat.com/content/dist/rhel8/8/s390x/baseos/os/Packages/x/xz-libs-5.2.4-3.el8.s390x.rpm
    repoid: rhel-8-for-s390x-baseos-rpms
    size: 95996
    checksum: sha256:2a45920a9540e5057920f7c987d3daf910240a6d1ee63d1fa80fcdf3cee4fd71
    name: xz-libs
    evr: 5.2.4-3.el8
    sourcerpm: xz-5.2.4-3.el8.src.rpm
  source:
  - url: https://cdn.redhat.com/content/dist/rhel8/8/s390x/baseos/source/SRPMS/Packages/x/xz-5.2.4-3.el8.src.rpm
    repoid: rhel-8-for-s390x-baseos-source-rpms
    size: 1074430
    checksum: sha256:223e5a8b539f68bb02e37354a7f60c41c6598119bfd727973c780479d6099fa8
    name: xz
    evr: 5.2.4-3.el8
  module_metadata: []
- arch: x86_64
  packages:
  - url: https://cdn.redhat.com/content/dist/rhel8/8/x86_64/baseos/os/Packages/x/xz-5.2.4-3.el8.x86_64.rpm
    repoid: rhel-8-for-x86_64-baseos-rpms
    size: 156848
    checksum: sha256:1b6fe19e2856f752a2cd8f917db539dbe9fc1b1560fff3341864b13ffb0ccae0
    name: xz
    evr: 5.2.4-3.el8
    sourcerpm: xz-5.2.4-3.el8.src.rpm
  - url: https://cdn.redhat.com/content/dist/rhel8/8/x86_64/baseos/os/Packages/x/xz-libs-5.2.4-3.el8.x86_64.rpm
    repoid: rhel-8-for-x86_64-baseos-rpms
    size: 96192
    checksum: sha256:d3813d081414edc480f5ffb428f6c9b005e33ebe8dd3a6ac8bf4d13e5aa4419b
    name: xz-libs
    evr: 5.2.4-3.el8
    sourcerpm: xz-5.2.4-3.el8.src.rpm
  source:
  - url: https://cdn.redhat.com/content/dist/rhel8/8/x86_64/baseos/source/SRPMS/Packages/x/xz-5.2.4-3.el8.src.rpm
    repoid: rhel-8-for-x86_64-baseos-source-rpms
    size: 1074430
    checksum: sha256:223e5a8b539f68bb02e37354a7f60c41c6598119bfd727973c780479d6099fa8
    name: xz
    evr: 5.2.4-3.el8
  module_metadata: []
